
Microsoft Visual Studio Solution File, Format Version 12.00
# Visual Studio Version 16
VisualStudioVersion = 16.0.31112.23
MinimumVisualStudioVersion = 10.0.40219.1
Project("{FAE04EC0-301F-11D3-BF4B-00C04F79EFBC}") = "githubActionTest", "githubActionTest\githubActionTest.csproj", "{8ED288E7-0182-4CFB-B8FB-6C81C1CDB5D1}"
EndProject
Global
	GlobalSection(SolutionConfigurationPlatforms) = preSolution
		Debug|Any CPU = Debug|Any CPU
		Release|Any CPU = Release|Any CPU
	EndGlobalSection
	GlobalSection(ProjectConfigurationPlatforms) = postSolution
		{8ED288E7-0182-4CFB-B8FB-6C81C1CDB5D1}.Debug|Any CPU.ActiveCfg = Debug|Any CPU
		{8ED288E7-0182-4CFB-B8FB-6C81C1CDB5D1}.Debug|Any CPU.Build.0 = Debug|Any CPU
		{8ED288E7-0182-4CFB-B8FB-6C81C1CDB5D1}.Release|Any CPU.ActiveCfg = Release|Any CPU
		{8ED288E7-0182-4CFB-B8FB-6C81C1CDB5D1}.Release|Any CPU.Build.0 = Release|Any CPU
	EndGlobalSection
	GlobalSection(SolutionProperties) = preSolution
		HideSolutionNode = FALSE
	EndGlobalSection
	GlobalSection(ExtensibilityGlobals) = postSolution
		SolutionGuid = {C3289906-567A-4CC5-9777-FAE1D1F46CA6}
	EndGlobalSection
EndGlobal
